# THIS IS AN AUTOGENERATED FILE. DO NOT EDIT THIS FILE DIRECTLY.
# yarn lockfile v1


accepts@~1.2.7:
  version "1.2.13"
  resolved "https://registry.yarnpkg.com/accepts/-/accepts-1.2.13.tgz#e5f1f3928c6d95fd96558c36ec3d9d0de4a6ecea"
  dependencies:
    mime-types "~2.1.6"
    negotiator "0.5.3"

acorn-globals@^1.0.3:
  version "1.0.9"
  resolved "https://registry.yarnpkg.com/acorn-globals/-/acorn-globals-1.0.9.tgz#55bb5e98691507b74579d0513413217c380c54cf"
  dependencies:
    acorn "^2.1.0"

acorn@^1.0.1:
  version "1.2.2"
  resolved "https://registry.yarnpkg.com/acorn/-/acorn-1.2.2.tgz#c8ce27de0acc76d896d2b1fad3df588d9e82f014"

acorn@^2.1.0:
  version "2.7.0"
  resolved "https://registry.yarnpkg.com/acorn/-/acorn-2.7.0.tgz#ab6e7d9d886aaca8b085bc3312b79a198433f0e7"

amdefine@>=0.0.4:
  version "1.0.1"
  resolved "https://registry.yarnpkg.com/amdefine/-/amdefine-1.0.1.tgz#4a5282ac164729e93619bcfd3ad151f817ce91f5"

basic-auth@~1.0.1:
  version "1.0.4"
  resolved "https://registry.yarnpkg.com/basic-auth/-/basic-auth-1.0.4.tgz#030935b01de7c9b94a824b29f3fccb750d3a5290"

body-parser@~1.12.0:
  version "1.12.4"
  resolved "https://registry.yarnpkg.com/body-parser/-/body-parser-1.12.4.tgz#090700c4ba28862a8520ef378395fdee5f61c229"
  dependencies:
    bytes "1.0.0"
    content-type "~1.0.1"
    debug "~2.2.0"
    depd "~1.0.1"
    iconv-lite "0.4.8"
    on-finished "~2.2.1"
    qs "2.4.2"
    raw-body "~2.0.1"
    type-is "~1.6.2"

bytes@1.0.0:
  version "1.0.0"
  resolved "https://registry.yarnpkg.com/bytes/-/bytes-1.0.0.tgz#3569ede8ba34315fab99c3e92cb04c7220de1fa8"

bytes@2.1.0:
  version "2.1.0"
  resolved "https://registry.yarnpkg.com/bytes/-/bytes-2.1.0.tgz#ac93c410e2ffc9cc7cf4b464b38289067f5e47b4"

character-parser@1.2.1:
  version "1.2.1"
  resolved "https://registry.yarnpkg.com/character-parser/-/character-parser-1.2.1.tgz#c0dde4ab182713b919b970959a123ecc1a30fcd6"

commander@~2.6.0:
  version "2.6.0"
  resolved "https://registry.yarnpkg.com/commander/-/commander-2.6.0.tgz#9df7e52fb2a0cb0fb89058ee80c3104225f37e1d"

constantinople@~3.0.1:
  version "3.0.2"
  resolved "https://registry.yarnpkg.com/constantinople/-/constantinople-3.0.2.tgz#4b945d9937907bcd98ee575122c3817516544141"
  dependencies:
    acorn "^2.1.0"

content-disposition@0.5.0:
  version "0.5.0"
  resolved "https://registry.yarnpkg.com/content-disposition/-/content-disposition-0.5.0.tgz#4284fe6ae0630874639e44e80a418c2934135e9e"

content-type@~1.0.1:
  version "1.0.2"
  resolved "https://registry.yarnpkg.com/content-type/-/content-type-1.0.2.tgz#b7d113aee7a8dd27bd21133c4dc2529df1721eed"

cookie-parser@~1.3.4:
  version "1.3.5"
  resolved "https://registry.yarnpkg.com/cookie-parser/-/cookie-parser-1.3.5.tgz#9d755570fb5d17890771227a02314d9be7cf8356"
  dependencies:
    cookie "0.1.3"
    cookie-signature "1.0.6"

cookie-signature@1.0.6:
  version "1.0.6"
  resolved "https://registry.yarnpkg.com/cookie-signature/-/cookie-signature-1.0.6.tgz#e303a882b342cc3ee8ca513a79999734dab3ae2c"

cookie@0.1.2:
  version "0.1.2"
  resolved "https://registry.yarnpkg.com/cookie/-/cookie-0.1.2.tgz#72fec3d24e48a3432073d90c12642005061004b1"

cookie@0.1.3:
  version "0.1.3"
  resolved "https://registry.yarnpkg.com/cookie/-/cookie-0.1.3.tgz#e734a5c1417fce472d5aef82c381cabb64d1a435"

crc@3.2.1:
  version "3.2.1"
  resolved "https://registry.yarnpkg.com/crc/-/crc-3.2.1.tgz#5d9c8fb77a245cd5eca291e5d2d005334bab0082"

css-parse@1.0.4:
  version "1.0.4"
  resolved "https://registry.yarnpkg.com/css-parse/-/css-parse-1.0.4.tgz#38b0503fbf9da9f54e9c1dbda60e145c77117bdd"

css-stringify@1.0.5:
  version "1.0.5"
  resolved "https://registry.yarnpkg.com/css-stringify/-/css-stringify-1.0.5.tgz#b0d042946db2953bb9d292900a6cb5f6d0122031"

css@~1.0.8:
  version "1.0.8"
  resolved "https://registry.yarnpkg.com/css/-/css-1.0.8.tgz#9386811ca82bccc9ee7fb5a732b1e2a317c8a3e7"
  dependencies:
    css-parse "1.0.4"
    css-stringify "1.0.5"

debug@~2.1.1:
  version "2.1.3"
  resolved "https://registry.yarnpkg.com/debug/-/debug-2.1.3.tgz#ce8ab1b5ee8fbee2bfa3b633cab93d366b63418e"
  dependencies:
    ms "0.7.0"

debug@~2.2.0:
  version "2.2.0"
  resolved "https://registry.yarnpkg.com/debug/-/debug-2.2.0.tgz#f87057e995b1a1f6ae6a4960664137bc56f039da"
  dependencies:
    ms "0.7.1"

depd@~1.0.1:
  version "1.0.1"
  resolved "https://registry.yarnpkg.com/depd/-/depd-1.0.1.tgz#80aec64c9d6d97e65cc2a9caa93c0aa6abf73aaa"

destroy@1.0.3:
  version "1.0.3"
  resolved "https://registry.yarnpkg.com/destroy/-/destroy-1.0.3.tgz#b433b4724e71fd8551d9885174851c5fc377e2c9"

ee-first@1.1.0:
  version "1.1.0"
  resolved "https://registry.yarnpkg.com/ee-first/-/ee-first-1.1.0.tgz#6a0d7c6221e490feefd92ec3f441c9ce8cd097f4"

escape-html@1.0.1:
  version "1.0.1"
  resolved "https://registry.yarnpkg.com/escape-html/-/escape-html-1.0.1.tgz#181a286ead397a39a92857cfb1d43052e356bff0"

etag@~1.6.0:
  version "1.6.0"
  resolved "https://registry.yarnpkg.com/etag/-/etag-1.6.0.tgz#8bcb2c6af1254c481dfc8b997c906ef4e442c207"
  dependencies:
    crc "3.2.1"

express@~4.12.2:
  version "4.12.4"
  resolved "https://registry.yarnpkg.com/express/-/express-4.12.4.tgz#8fec2510255bc6b2e58107c48239c0fa307c1aa2"
  dependencies:
    accepts "~1.2.7"
    content-disposition "0.5.0"
    content-type "~1.0.1"
    cookie "0.1.2"
    cookie-signature "1.0.6"
    debug "~2.2.0"
    depd "~1.0.1"
    escape-html "1.0.1"
    etag "~1.6.0"
    finalhandler "0.3.6"
    fresh "0.2.4"
    merge-descriptors "1.0.0"
    methods "~1.1.1"
    on-finished "~2.2.1"
    parseurl "~1.3.0"
    path-to-regexp "0.1.3"
    proxy-addr "~1.0.8"
    qs "2.4.2"
    range-parser "~1.0.2"
    send "0.12.3"
    serve-static "~1.9.3"
    type-is "~1.6.2"
    utils-merge "1.0.0"
    vary "~1.0.0"

finalhandler@0.3.6:
  version "0.3.6"
  resolved "https://registry.yarnpkg.com/finalhandler/-/finalhandler-0.3.6.tgz#daf9c4161b1b06e001466b1411dfdb6973be138b"
  dependencies:
    debug "~2.2.0"
    escape-html "1.0.1"
    on-finished "~2.2.1"

forwarded@~0.1.0:
  version "0.1.0"
  resolved "https://registry.yarnpkg.com/forwarded/-/forwarded-0.1.0.tgz#19ef9874c4ae1c297bcf078fde63a09b66a84363"

fresh@0.2.4:
  version "0.2.4"
  resolved "https://registry.yarnpkg.com/fresh/-/fresh-0.2.4.tgz#3582499206c9723714190edd74b4604feb4a614c"

iconv-lite@0.4.8:
  version "0.4.8"
  resolved "https://registry.yarnpkg.com/iconv-lite/-/iconv-lite-0.4.8.tgz#c6019a7595f2cefca702eab694a010bcd9298d20"

ipaddr.js@1.0.5:
  version "1.0.5"
  resolved "https://registry.yarnpkg.com/ipaddr.js/-/ipaddr.js-1.0.5.tgz#5fa78cf301b825c78abc3042d812723049ea23c7"

is-promise@~1:
  version "1.0.1"
  resolved "https://registry.yarnpkg.com/is-promise/-/is-promise-1.0.1.tgz#31573761c057e33c2e91aab9e96da08cefbe76e5"

jade@~1.9.2:
  version "1.9.2"
  resolved "https://registry.yarnpkg.com/jade/-/jade-1.9.2.tgz#0b89f9c60d4ead2738e826ba7b2ccac9a5702abe"
  dependencies:
    character-parser "1.2.1"
    commander "~2.6.0"
    constantinople "~3.0.1"
    mkdirp "~0.5.0"
    transformers "2.1.0"
    void-elements "~2.0.1"
    with "~4.0.0"

media-typer@0.3.0:
  version "0.3.0"
  resolved "https://registry.yarnpkg.com/media-typer/-/media-typer-0.3.0.tgz#8710d7af0aa626f8fffa1ce00168545263255748"

merge-descriptors@1.0.0:
  version "1.0.0"
  resolved "https://registry.yarnpkg.com/merge-descriptors/-/merge-descriptors-1.0.0.tgz#2169cf7538e1b0cc87fb88e1502d8474bbf79864"

methods@~1.1.1:
  version "1.1.2"
  resolved "https://registry.yarnpkg.com/methods/-/methods-1.1.2.tgz#5529a4d67654134edcc5266656835b0f851afcee"

mime-db@~1.25.0:
  version "1.25.0"
  resolved "https://registry.yarnpkg.com/mime-db/-/mime-db-1.25.0.tgz#c18dbd7c73a5dbf6f44a024dc0d165a1e7b1c392"

mime-types@~2.1.13, mime-types@~2.1.6:
  version "2.1.13"
  resolved "https://registry.yarnpkg.com/mime-types/-/mime-types-2.1.13.tgz#e07aaa9c6c6b9a7ca3012c69003ad25a39e92a88"
  dependencies:
    mime-db "~1.25.0"

mime@1.3.4:
  version "1.3.4"
  resolved "https://registry.yarnpkg.com/mime/-/mime-1.3.4.tgz#115f9e3b6b3daf2959983cb38f149a2d40eb5d53"

minimist@0.0.8:
  version "0.0.8"
  resolved "https://registry.yarnpkg.com/minimist/-/minimist-0.0.8.tgz#857fcabfc3397d2625b8228262e86aa7a011b05d"

mkdirp@~0.5.0:
  version "0.5.1"
  resolved "https://registry.yarnpkg.com/mkdirp/-/mkdirp-0.5.1.tgz#30057438eac6cf7f8c4767f38648d6697d75c903"
  dependencies:
    minimist "0.0.8"

morgan@~1.5.1:
  version "1.5.3"
  resolved "https://registry.yarnpkg.com/morgan/-/morgan-1.5.3.tgz#8adb4e72f9e5c5436e5d93f42910835f79da9fdf"
  dependencies:
    basic-auth "~1.0.1"
    debug "~2.2.0"
    depd "~1.0.1"
    on-finished "~2.2.1"

ms@0.7.0:
  version "0.7.0"
  resolved "https://registry.yarnpkg.com/ms/-/ms-0.7.0.tgz#865be94c2e7397ad8a57da6a633a6e2f30798b83"

ms@0.7.1:
  version "0.7.1"
  resolved "https://registry.yarnpkg.com/ms/-/ms-0.7.1.tgz#9cd13c03adbff25b65effde7ce864ee952017098"

negotiator@0.5.3:
  version "0.5.3"
  resolved "https://registry.yarnpkg.com/negotiator/-/negotiator-0.5.3.tgz#269d5c476810ec92edbe7b6c2f28316384f9a7e8"

on-finished@~2.2.1:
  version "2.2.1"
  resolved "https://registry.yarnpkg.com/on-finished/-/on-finished-2.2.1.tgz#5c85c1cc36299f78029653f667f27b6b99ebc029"
  dependencies:
    ee-first "1.1.0"

optimist@~0.3.5:
  version "0.3.7"
  resolved "https://registry.yarnpkg.com/optimist/-/optimist-0.3.7.tgz#c90941ad59e4273328923074d2cf2e7cbc6ec0d9"
  dependencies:
    wordwrap "~0.0.2"

parseurl@~1.3.0:
  version "1.3.1"
  resolved "https://registry.yarnpkg.com/parseurl/-/parseurl-1.3.1.tgz#c8ab8c9223ba34888aa64a297b28853bec18da56"

path-to-regexp@0.1.3:
  version "0.1.3"
  resolved "https://registry.yarnpkg.com/path-to-regexp/-/path-to-regexp-0.1.3.tgz#21b9ab82274279de25b156ea08fd12ca51b8aecb"

promise@~2.0:
  version "2.0.0"
  resolved "https://registry.yarnpkg.com/promise/-/promise-2.0.0.tgz#46648aa9d605af5d2e70c3024bf59436da02b80e"
  dependencies:
    is-promise "~1"

proxy-addr@~1.0.8:
  version "1.0.10"
  resolved "https://registry.yarnpkg.com/proxy-addr/-/proxy-addr-1.0.10.tgz#0d40a82f801fc355567d2ecb65efe3f077f121c5"
  dependencies:
    forwarded "~0.1.0"
    ipaddr.js "1.0.5"

qs@2.4.2:
  version "2.4.2"
  resolved "https://registry.yarnpkg.com/qs/-/qs-2.4.2.tgz#f7ce788e5777df0b5010da7f7c4e73ba32470f5a"

range-parser@~1.0.2:
  version "1.0.3"
  resolved "https://registry.yarnpkg.com/range-parser/-/range-parser-1.0.3.tgz#6872823535c692e2c2a0103826afd82c2e0ff175"

raw-body@~2.0.1:
  version "2.0.2"
  resolved "https://registry.yarnpkg.com/raw-body/-/raw-body-2.0.2.tgz#a2c2f98c8531cee99c63d8d238b7de97bb659fca"
  dependencies:
    bytes "2.1.0"
    iconv-lite "0.4.8"

send@0.12.3:
  version "0.12.3"
  resolved "https://registry.yarnpkg.com/send/-/send-0.12.3.tgz#cd12dc58fde21e4f91902b39b2fda05a7a6d9bdc"
  dependencies:
    debug "~2.2.0"
    depd "~1.0.1"
    destroy "1.0.3"
    escape-html "1.0.1"
    etag "~1.6.0"
    fresh "0.2.4"
    mime "1.3.4"
    ms "0.7.1"
    on-finished "~2.2.1"
    range-parser "~1.0.2"

serve-favicon@~2.2.0:
  version "2.2.1"
  resolved "https://registry.yarnpkg.com/serve-favicon/-/serve-favicon-2.2.1.tgz#d97bacc150f66fe0e5cc4c78a84ba15bae5a584a"
  dependencies:
    etag "~1.6.0"
    fresh "0.2.4"
    ms "0.7.1"
    parseurl "~1.3.0"

serve-static@~1.9.3:
  version "1.9.3"
  resolved "https://registry.yarnpkg.com/serve-static/-/serve-static-1.9.3.tgz#5f8da07323ad385ff3dc541f1a7917b2e436eb57"
  dependencies:
    escape-html "1.0.1"
    parseurl "~1.3.0"
    send "0.12.3"
    utils-merge "1.0.0"

source-map@~0.1.7:
  version "0.1.43"
  resolved "https://registry.yarnpkg.com/source-map/-/source-map-0.1.43.tgz#c24bc146ca517c1471f5dacbe2571b2b7f9e3346"
  dependencies:
    amdefine ">=0.0.4"

transformers@2.1.0:
  version "2.1.0"
  resolved "https://registry.yarnpkg.com/transformers/-/transformers-2.1.0.tgz#5d23cb35561dd85dc67fb8482309b47d53cce9a7"
  dependencies:
    css "~1.0.8"
    promise "~2.0"
    uglify-js "~2.2.5"

type-is@~1.6.2:
  version "1.6.14"
  resolved "https://registry.yarnpkg.com/type-is/-/type-is-1.6.14.tgz#e219639c17ded1ca0789092dd54a03826b817cb2"
  dependencies:
    media-typer "0.3.0"
    mime-types "~2.1.13"

uglify-js@~2.2.5:
  version "2.2.5"
  resolved "https://registry.yarnpkg.com/uglify-js/-/uglify-js-2.2.5.tgz#a6e02a70d839792b9780488b7b8b184c095c99c7"
  dependencies:
    optimist "~0.3.5"
    source-map "~0.1.7"

utils-merge@1.0.0:
  version "1.0.0"
  resolved "https://registry.yarnpkg.com/utils-merge/-/utils-merge-1.0.0.tgz#0294fb922bb9375153541c4f7096231f287c8af8"

vary@~1.0.0:
  version "1.0.1"
  resolved "https://registry.yarnpkg.com/vary/-/vary-1.0.1.tgz#99e4981566a286118dfb2b817357df7993376d10"

void-elements@~2.0.1:
  version "2.0.1"
  resolved "https://registry.yarnpkg.com/void-elements/-/void-elements-2.0.1.tgz#c066afb582bb1cb4128d60ea92392e94d5e9dbec"

with@~4.0.0:
  version "4.0.3"
  resolved "https://registry.yarnpkg.com/with/-/with-4.0.3.tgz#eefd154e9e79d2c8d3417b647a8f14d9fecce14e"
  dependencies:
    acorn "^1.0.1"
    acorn-globals "^1.0.3"

wordwrap@~0.0.2:
  version "0.0.3"
  resolved "https://registry.yarnpkg.com/wordwrap/-/wordwrap-0.0.3.tgz#a3d5da6cd5c0bc0008d37234bbaf1bed63059107"
